// !$*UTF8*$!
{
	archiveVersion = 1;
	classes = {
	};
	objectVersion = 50;
	objects = {

/* Begin PBXBuildFile section */
		132667BA249A9E73007FC064 /* WaterMyPlants.xcdatamodeld in Sources */ = {isa = PBXBuildFile; fileRef = 132667B8249A9E73007FC064 /* WaterMyPlants.xcdatamodeld */; };
		132667BC249A9F3F007FC064 /* CoreDataStack.swift in Sources */ = {isa = PBXBuildFile; fileRef = 132667BB249A9F3F007FC064 /* CoreDataStack.swift */; };
		132667C0249AA235007FC064 /* Notifications.swift in Sources */ = {isa = PBXBuildFile; fileRef = 132667BF249AA235007FC064 /* Notifications.swift */; };
		132667C4249AB10C007FC064 /* Constants.swift in Sources */ = {isa = PBXBuildFile; fileRef = 132667C3249AB10C007FC064 /* Constants.swift */; };
		132667CA249AB95A007FC064 /* PlantsCollectionViewController.swift in Sources */ = {isa = PBXBuildFile; fileRef = 132667C9249AB95A007FC064 /* PlantsCollectionViewController.swift */; };
		132667CC249ADF0C007FC064 /* PlantCollectionViewCell.swift in Sources */ = {isa = PBXBuildFile; fileRef = 132667CB249ADF0C007FC064 /* PlantCollectionViewCell.swift */; };
		133CB974249C548500733F7C /* Plant+Convenience.swift in Sources */ = {isa = PBXBuildFile; fileRef = 133CB973249C548500733F7C /* Plant+Convenience.swift */; };
		133CB976249C549F00733F7C /* PlantRepresentation.swift in Sources */ = {isa = PBXBuildFile; fileRef = 133CB975249C549F00733F7C /* PlantRepresentation.swift */; };
		133CB979249C5D1400733F7C /* PlantController.swift in Sources */ = {isa = PBXBuildFile; fileRef = 133CB978249C5D1400733F7C /* PlantController.swift */; };
		13CA9D5D2499C30600D3931E /* AppDelegate.swift in Sources */ = {isa = PBXBuildFile; fileRef = 13CA9D5C2499C30600D3931E /* AppDelegate.swift */; };
		13CA9D5F2499C30600D3931E /* SceneDelegate.swift in Sources */ = {isa = PBXBuildFile; fileRef = 13CA9D5E2499C30600D3931E /* SceneDelegate.swift */; };
		13CA9D612499C30600D3931E /* ViewController.swift in Sources */ = {isa = PBXBuildFile; fileRef = 13CA9D602499C30600D3931E /* ViewController.swift */; };
		13CA9D642499C30600D3931E /* Main.storyboard in Resources */ = {isa = PBXBuildFile; fileRef = 13CA9D622499C30600D3931E /* Main.storyboard */; };
		13CA9D662499C30700D3931E /* Assets.xcassets in Resources */ = {isa = PBXBuildFile; fileRef = 13CA9D652499C30700D3931E /* Assets.xcassets */; };
		13CA9D692499C30700D3931E /* LaunchScreen.storyboard in Resources */ = {isa = PBXBuildFile; fileRef = 13CA9D672499C30700D3931E /* LaunchScreen.storyboard */; };
		3C557951249C468200BE0DCF /* Plant+Convenience.swift in Sources */ = {isa = PBXBuildFile; fileRef = 3C557950249C468200BE0DCF /* Plant+Convenience.swift */; };
		3C72E68124A259BF00B3245A /* plantController.swift in Sources */ = {isa = PBXBuildFile; fileRef = 3C72E68024A259BF00B3245A /* plantController.swift */; };
		3C72E68324A25B1E00B3245A /* PlantRepresentation.swift in Sources */ = {isa = PBXBuildFile; fileRef = 3C72E68224A25B1E00B3245A /* PlantRepresentation.swift */; };
		3C8D3EAD24A0F9DC00DA9B15 /* LogInViewController.swift in Sources */ = {isa = PBXBuildFile; fileRef = 3C8D3EAC24A0F9DC00DA9B15 /* LogInViewController.swift */; };
		3C8D3EAF24A0FA3700DA9B15 /* PlantTableViewController.swift in Sources */ = {isa = PBXBuildFile; fileRef = 3C8D3EAE24A0FA3700DA9B15 /* PlantTableViewController.swift */; };
		3C8D3EB224A0FA9200DA9B15 /* PlantTableViewCell.swift in Sources */ = {isa = PBXBuildFile; fileRef = 3C8D3EB124A0FA9200DA9B15 /* PlantTableViewCell.swift */; };
		3C8D3EB424A0FBCD00DA9B15 /* User.swift in Sources */ = {isa = PBXBuildFile; fileRef = 3C8D3EB324A0FBCD00DA9B15 /* User.swift */; };
		3C8D3EB624A0FBF200DA9B15 /* Bearer.swift in Sources */ = {isa = PBXBuildFile; fileRef = 3C8D3EB524A0FBF200DA9B15 /* Bearer.swift */; };
		3C972B4824A26F3C0074D8E7 /* CreatePlantViewController.swift in Sources */ = {isa = PBXBuildFile; fileRef = 3C972B4724A26F3C0074D8E7 /* CreatePlantViewController.swift */; };
		B3E6F20A4AD809D6017B2028 /* Pods_WaterMyPlants.framework in Frameworks */ = {isa = PBXBuildFile; fileRef = 34ADA69DDFDBFD8937BBC99D /* Pods_WaterMyPlants.framework */; };
		E3DAF6BC249B075700B5FE43 /* PlantDetailViewController.swift in Sources */ = {isa = PBXBuildFile; fileRef = E3DAF6BB249B075700B5FE43 /* PlantDetailViewController.swift */; };
/* End PBXBuildFile section */

/* Begin PBXFileReference section */
		132667B9249A9E73007FC064 /* Plant.xcdatamodel */ = {isa = PBXFileReference; lastKnownFileType = wrapper.xcdatamodel; path = Plant.xcdatamodel; sourceTree = "<group>"; };
		132667BB249A9F3F007FC064 /* CoreDataStack.swift */ = {isa = PBXFileReference; lastKnownFileType = sourcecode.swift; path = CoreDataStack.swift; sourceTree = "<group>"; };
		132667BF249AA235007FC064 /* Notifications.swift */ = {isa = PBXFileReference; lastKnownFileType = sourcecode.swift; path = Notifications.swift; sourceTree = "<group>"; };
		132667C3249AB10C007FC064 /* Constants.swift */ = {isa = PBXFileReference; lastKnownFileType = sourcecode.swift; path = Constants.swift; sourceTree = "<group>"; };
		132667C9249AB95A007FC064 /* PlantsCollectionViewController.swift */ = {isa = PBXFileReference; lastKnownFileType = sourcecode.swift; path = PlantsCollectionViewController.swift; sourceTree = "<group>"; };
		132667CB249ADF0C007FC064 /* PlantCollectionViewCell.swift */ = {isa = PBXFileReference; lastKnownFileType = sourcecode.swift; path = PlantCollectionViewCell.swift; sourceTree = "<group>"; };
		133CB973249C548500733F7C /* Plant+Convenience.swift */ = {isa = PBXFileReference; fileEncoding = 4; lastKnownFileType = sourcecode.swift; path = "Plant+Convenience.swift"; sourceTree = "<group>"; };
		133CB975249C549F00733F7C /* PlantRepresentation.swift */ = {isa = PBXFileReference; fileEncoding = 4; lastKnownFileType = sourcecode.swift; path = PlantRepresentation.swift; sourceTree = "<group>"; };
		133CB978249C5D1400733F7C /* PlantController.swift */ = {isa = PBXFileReference; lastKnownFileType = sourcecode.swift; path = PlantController.swift; sourceTree = "<group>"; };
		13CA9D592499C30600D3931E /* WaterMyPlants.app */ = {isa = PBXFileReference; explicitFileType = wrapper.application; includeInIndex = 0; path = WaterMyPlants.app; sourceTree = BUILT_PRODUCTS_DIR; };
		13CA9D5C2499C30600D3931E /* AppDelegate.swift */ = {isa = PBXFileReference; lastKnownFileType = sourcecode.swift; path = AppDelegate.swift; sourceTree = "<group>"; };
		13CA9D5E2499C30600D3931E /* SceneDelegate.swift */ = {isa = PBXFileReference; lastKnownFileType = sourcecode.swift; path = SceneDelegate.swift; sourceTree = "<group>"; };
		13CA9D602499C30600D3931E /* ViewController.swift */ = {isa = PBXFileReference; lastKnownFileType = sourcecode.swift; path = ViewController.swift; sourceTree = "<group>"; };
		13CA9D632499C30600D3931E /* Base */ = {isa = PBXFileReference; lastKnownFileType = file.storyboard; name = Base; path = Base.lproj/Main.storyboard; sourceTree = "<group>"; };
		13CA9D652499C30700D3931E /* Assets.xcassets */ = {isa = PBXFileReference; lastKnownFileType = folder.assetcatalog; path = Assets.xcassets; sourceTree = "<group>"; };
		13CA9D682499C30700D3931E /* Base */ = {isa = PBXFileReference; lastKnownFileType = file.storyboard; name = Base; path = Base.lproj/LaunchScreen.storyboard; sourceTree = "<group>"; };
		13CA9D6A2499C30700D3931E /* Info.plist */ = {isa = PBXFileReference; lastKnownFileType = text.plist.xml; path = Info.plist; sourceTree = "<group>"; };
		34ADA69DDFDBFD8937BBC99D /* Pods_WaterMyPlants.framework */ = {isa = PBXFileReference; explicitFileType = wrapper.framework; includeInIndex = 0; path = Pods_WaterMyPlants.framework; sourceTree = BUILT_PRODUCTS_DIR; };
		3C557950249C468200BE0DCF /* Plant+Convenience.swift */ = {isa = PBXFileReference; lastKnownFileType = sourcecode.swift; path = "Plant+Convenience.swift"; sourceTree = "<group>"; };
		3C72E68024A259BF00B3245A /* plantController.swift */ = {isa = PBXFileReference; lastKnownFileType = sourcecode.swift; name = plantController.swift; path = WaterMyPlants/Models/plantController.swift; sourceTree = SOURCE_ROOT; };
		3C72E68224A25B1E00B3245A /* PlantRepresentation.swift */ = {isa = PBXFileReference; lastKnownFileType = sourcecode.swift; path = PlantRepresentation.swift; sourceTree = "<group>"; };
		3C8D3EAC24A0F9DC00DA9B15 /* LogInViewController.swift */ = {isa = PBXFileReference; lastKnownFileType = sourcecode.swift; path = LogInViewController.swift; sourceTree = "<group>"; };
		3C8D3EAE24A0FA3700DA9B15 /* PlantTableViewController.swift */ = {isa = PBXFileReference; lastKnownFileType = sourcecode.swift; path = PlantTableViewController.swift; sourceTree = "<group>"; };
		3C8D3EB124A0FA9200DA9B15 /* PlantTableViewCell.swift */ = {isa = PBXFileReference; lastKnownFileType = sourcecode.swift; path = PlantTableViewCell.swift; sourceTree = "<group>"; };
		3C8D3EB324A0FBCD00DA9B15 /* User.swift */ = {isa = PBXFileReference; lastKnownFileType = sourcecode.swift; path = User.swift; sourceTree = "<group>"; };
		3C8D3EB524A0FBF200DA9B15 /* Bearer.swift */ = {isa = PBXFileReference; lastKnownFileType = sourcecode.swift; path = Bearer.swift; sourceTree = "<group>"; };
		3C972B4724A26F3C0074D8E7 /* CreatePlantViewController.swift */ = {isa = PBXFileReference; lastKnownFileType = sourcecode.swift; path = CreatePlantViewController.swift; sourceTree = "<group>"; };
		615FE302176A5150945398CD /* Pods-WaterMyPlants.release.xcconfig */ = {isa = PBXFileReference; includeInIndex = 1; lastKnownFileType = text.xcconfig; name = "Pods-WaterMyPlants.release.xcconfig"; path = "Target Support Files/Pods-WaterMyPlants/Pods-WaterMyPlants.release.xcconfig"; sourceTree = "<group>"; };
		E3DAF6BB249B075700B5FE43 /* PlantDetailViewController.swift */ = {isa = PBXFileReference; lastKnownFileType = sourcecode.swift; path = PlantDetailViewController.swift; sourceTree = "<group>"; };
		FFCBCFB0784EECB5393650B2 /* Pods-WaterMyPlants.debug.xcconfig */ = {isa = PBXFileReference; includeInIndex = 1; lastKnownFileType = text.xcconfig; name = "Pods-WaterMyPlants.debug.xcconfig"; path = "Target Support Files/Pods-WaterMyPlants/Pods-WaterMyPlants.debug.xcconfig"; sourceTree = "<group>"; };
/* End PBXFileReference section */

/* Begin PBXFrameworksBuildPhase section */
		13CA9D562499C30600D3931E /* Frameworks */ = {
			isa = PBXFrameworksBuildPhase;
			buildActionMask = 2147483647;
			files = (
				B3E6F20A4AD809D6017B2028 /* Pods_WaterMyPlants.framework in Frameworks */,
			);
			runOnlyForDeploymentPostprocessing = 0;
		};
/* End PBXFrameworksBuildPhase section */

/* Begin PBXGroup section */
		133CB977249C5C2900733F7C /* Networking */ = {
			isa = PBXGroup;
			children = (
				133CB978249C5D1400733F7C /* PlantController.swift */,
			);
			path = Networking;
			sourceTree = "<group>";
		};
		13CA9D502499C30600D3931E = {
			isa = PBXGroup;
			children = (
				13CA9D5B2499C30600D3931E /* WaterMyPlants */,
				13CA9D5A2499C30600D3931E /* Products */,
				4E61D4D27F07B1C82601B54B /* Pods */,
				BB7F82F7D68B73061F91E559 /* Frameworks */,
			);
			sourceTree = "<group>";
		};
		13CA9D5A2499C30600D3931E /* Products */ = {
			isa = PBXGroup;
			children = (
				13CA9D592499C30600D3931E /* WaterMyPlants.app */,
			);
			name = Products;
			sourceTree = "<group>";
		};
		13CA9D5B2499C30600D3931E /* WaterMyPlants */ = {
			isa = PBXGroup;
			children = (
				3C8D3EB724A0FC1100DA9B15 /* Replaced Files */,
				3C8D3EB024A0FA7900DA9B15 /* Views */,
				13CA9D732499C34300D3931E /* Models */,
				13CA9D742499C34B00D3931E /* Model Controllers */,
				133CB977249C5C2900733F7C /* Networking */,
				13CA9D722499C33800D3931E /* View Controllers */,
				13CA9D712499C32C00D3931E /* Storyboards */,
				13CA9D702499C31C00D3931E /* Resources */,
				13CA9D6A2499C30700D3931E /* Info.plist */,
			);
			path = WaterMyPlants;
			sourceTree = "<group>";
		};
		13CA9D702499C31C00D3931E /* Resources */ = {
			isa = PBXGroup;
			children = (
				13CA9D5C2499C30600D3931E /* AppDelegate.swift */,
				13CA9D5E2499C30600D3931E /* SceneDelegate.swift */,
				13CA9D652499C30700D3931E /* Assets.xcassets */,
			);
			path = Resources;
			sourceTree = "<group>";
		};
		13CA9D712499C32C00D3931E /* Storyboards */ = {
			isa = PBXGroup;
			children = (
				13CA9D622499C30600D3931E /* Main.storyboard */,
				13CA9D672499C30700D3931E /* LaunchScreen.storyboard */,
			);
			path = Storyboards;
			sourceTree = "<group>";
		};
		13CA9D722499C33800D3931E /* View Controllers */ = {
			isa = PBXGroup;
			children = (
				E3DAF6BB249B075700B5FE43 /* PlantDetailViewController.swift */,
				3C8D3EAC24A0F9DC00DA9B15 /* LogInViewController.swift */,
				3C8D3EAE24A0FA3700DA9B15 /* PlantTableViewController.swift */,
				3C972B4724A26F3C0074D8E7 /* CreatePlantViewController.swift */,
			);
			path = "View Controllers";
			sourceTree = "<group>";
		};
		13CA9D732499C34300D3931E /* Models */ = {
			isa = PBXGroup;
			children = (
				132667B8249A9E73007FC064 /* WaterMyPlants.xcdatamodeld */,
				132667BB249A9F3F007FC064 /* CoreDataStack.swift */,
				132667BF249AA235007FC064 /* Notifications.swift */,
				133CB973249C548500733F7C /* Plant+Convenience.swift */,
				133CB975249C549F00733F7C /* PlantRepresentation.swift */,
				132667C3249AB10C007FC064 /* Constants.swift */,
				3C557950249C468200BE0DCF /* Plant+Convenience.swift */,
				3C72E68224A25B1E00B3245A /* PlantRepresentation.swift */,
			);
			path = Models;
			sourceTree = "<group>";
		};
		13CA9D742499C34B00D3931E /* Model Controllers */ = {
			isa = PBXGroup;
			children = (
				3C72E68024A259BF00B3245A /* plantController.swift */,
			);
			path = "Model Controllers";
			sourceTree = "<group>";
		};
		3C8D3EB024A0FA7900DA9B15 /* Views */ = {
			isa = PBXGroup;
			children = (
				3C8D3EB124A0FA9200DA9B15 /* PlantTableViewCell.swift */,
			);
			path = Views;
			sourceTree = "<group>";
		};
		3C8D3EB724A0FC1100DA9B15 /* Replaced Files */ = {
			isa = PBXGroup;
			children = (
				132667C9249AB95A007FC064 /* PlantsCollectionViewController.swift */,
				132667CB249ADF0C007FC064 /* PlantCollectionViewCell.swift */,
				3C8D3EB324A0FBCD00DA9B15 /* User.swift */,
				3C8D3EB524A0FBF200DA9B15 /* Bearer.swift */,
				13CA9D602499C30600D3931E /* ViewController.swift */,
			);
			path = "Replaced Files";
			sourceTree = "<group>";
		};
		4E61D4D27F07B1C82601B54B /* Pods */ = {
			isa = PBXGroup;
			children = (
				FFCBCFB0784EECB5393650B2 /* Pods-WaterMyPlants.debug.xcconfig */,
				615FE302176A5150945398CD /* Pods-WaterMyPlants.release.xcconfig */,
			);
			path = Pods;
			sourceTree = "<group>";
		};
		BB7F82F7D68B73061F91E559 /* Frameworks */ = {
			isa = PBXGroup;
			children = (
				34ADA69DDFDBFD8937BBC99D /* Pods_WaterMyPlants.framework */,
			);
			name = Frameworks;
			sourceTree = "<group>";
		};
/* End PBXGroup section */

/* Begin PBXNativeTarget section */
		13CA9D582499C30600D3931E /* WaterMyPlants */ = {
			isa = PBXNativeTarget;
			buildConfigurationList = 13CA9D6D2499C30700D3931E /* Build configuration list for PBXNativeTarget "WaterMyPlants" */;
			buildPhases = (
				C080BEF07066484A32B91B06 /* [CP] Check Pods Manifest.lock */,
				13CA9D552499C30600D3931E /* Sources */,
				13CA9D562499C30600D3931E /* Frameworks */,
				13CA9D572499C30600D3931E /* Resources */,
				1300BD132499CC0800A9DADF /* Run Script */,
			);
			buildRules = (
			);
			dependencies = (
			);
			name = WaterMyPlants;
			productName = WaterMyPlants;
			productReference = 13CA9D592499C30600D3931E /* WaterMyPlants.app */;
			productType = "com.apple.product-type.application";
		};
/* End PBXNativeTarget section */

/* Begin PBXProject section */
		13CA9D512499C30600D3931E /* Project object */ = {
			isa = PBXProject;
			attributes = {
				LastSwiftUpdateCheck = 1130;
				LastUpgradeCheck = 1130;
				ORGANIZATIONNAME = conner;
				TargetAttributes = {
					13CA9D582499C30600D3931E = {
						CreatedOnToolsVersion = 11.3.1;
					};
				};
			};
			buildConfigurationList = 13CA9D542499C30600D3931E /* Build configuration list for PBXProject "WaterMyPlants" */;
			compatibilityVersion = "Xcode 9.3";
			developmentRegion = en;
			hasScannedForEncodings = 0;
			knownRegions = (
				en,
				Base,
			);
			mainGroup = 13CA9D502499C30600D3931E;
			productRefGroup = 13CA9D5A2499C30600D3931E /* Products */;
			projectDirPath = "";
			projectRoot = "";
			targets = (
				13CA9D582499C30600D3931E /* WaterMyPlants */,
			);
		};
/* End PBXProject section */

/* Begin PBXResourcesBuildPhase section */
		13CA9D572499C30600D3931E /* Resources */ = {
			isa = PBXResourcesBuildPhase;
			buildActionMask = 2147483647;
			files = (
				13CA9D692499C30700D3931E /* LaunchScreen.storyboard in Resources */,
				13CA9D662499C30700D3931E /* Assets.xcassets in Resources */,
				13CA9D642499C30600D3931E /* Main.storyboard in Resources */,
			);
			runOnlyForDeploymentPostprocessing = 0;
		};
/* End PBXResourcesBuildPhase section */

/* Begin PBXShellScriptBuildPhase section */
		1300BD132499CC0800A9DADF /* Run Script */ = {
			isa = PBXShellScriptBuildPhase;
			buildActionMask = 2147483647;
			files = (
			);
			inputFileListPaths = (
			);
			inputPaths = (
			);
			name = "Run Script";
			outputFileListPaths = (
			);
			outputPaths = (
			);
			runOnlyForDeploymentPostprocessing = 0;
			shellPath = /bin/sh;
			shellScript = "if which swiftlint >/dev/null; then\n  swiftlint\nelse\n  echo \"warning: SwiftLint not installed, download from https://github.com/realm/SwiftLint\"\nfi\n";
		};
		C080BEF07066484A32B91B06 /* [CP] Check Pods Manifest.lock */ = {
			isa = PBXShellScriptBuildPhase;
			buildActionMask = 2147483647;
			files = (
			);
			inputFileListPaths = (
			);
			inputPaths = (
				"${PODS_PODFILE_DIR_PATH}/Podfile.lock",
				"${PODS_ROOT}/Manifest.lock",
			);
			name = "[CP] Check Pods Manifest.lock";
			outputFileListPaths = (
			);
			outputPaths = (
				"$(DERIVED_FILE_DIR)/Pods-WaterMyPlants-checkManifestLockResult.txt",
			);
			runOnlyForDeploymentPostprocessing = 0;
			shellPath = /bin/sh;
			shellScript = "diff \"${PODS_PODFILE_DIR_PATH}/Podfile.lock\" \"${PODS_ROOT}/Manifest.lock\" > /dev/null\nif [ $? != 0 ] ; then\n    # print error to STDERR\n    echo \"error: The sandbox is not in sync with the Podfile.lock. Run 'pod install' or update your CocoaPods installation.\" >&2\n    exit 1\nfi\n# This output is used by Xcode 'outputs' to avoid re-running this script phase.\necho \"SUCCESS\" > \"${SCRIPT_OUTPUT_FILE_0}\"\n";
			showEnvVarsInLog = 0;
		};
/* End PBXShellScriptBuildPhase section */

/* Begin PBXSourcesBuildPhase section */
		13CA9D552499C30600D3931E /* Sources */ = {
			isa = PBXSourcesBuildPhase;
			buildActionMask = 2147483647;
			files = (
				132667CC249ADF0C007FC064 /* PlantCollectionViewCell.swift in Sources */,
				132667BC249A9F3F007FC064 /* CoreDataStack.swift in Sources */,
				132667C0249AA235007FC064 /* Notifications.swift in Sources */,
				3C8D3EAF24A0FA3700DA9B15 /* PlantTableViewController.swift in Sources */,
				13CA9D612499C30600D3931E /* ViewController.swift in Sources */,
				132667CA249AB95A007FC064 /* PlantsCollectionViewController.swift in Sources */,
				132667BA249A9E73007FC064 /* WaterMyPlants.xcdatamodeld in Sources */,
<<<<<<< HEAD
				133CB974249C548500733F7C /* Plant+Convenience.swift in Sources */,
=======
				3C557951249C468200BE0DCF /* Plant+Convenience.swift in Sources */,
				3C8D3EB624A0FBF200DA9B15 /* Bearer.swift in Sources */,
				3C8D3EB424A0FBCD00DA9B15 /* User.swift in Sources */,
				3C72E68324A25B1E00B3245A /* PlantRepresentation.swift in Sources */,
>>>>>>> fe71518ba60d316cf828be9a7f9f10e64ebacd14
				13CA9D5D2499C30600D3931E /* AppDelegate.swift in Sources */,
				3C972B4824A26F3C0074D8E7 /* CreatePlantViewController.swift in Sources */,
				3C8D3EB224A0FA9200DA9B15 /* PlantTableViewCell.swift in Sources */,
				3C8D3EAD24A0F9DC00DA9B15 /* LogInViewController.swift in Sources */,
				13CA9D5F2499C30600D3931E /* SceneDelegate.swift in Sources */,
				132667C4249AB10C007FC064 /* Constants.swift in Sources */,
<<<<<<< HEAD
				133CB976249C549F00733F7C /* PlantRepresentation.swift in Sources */,
=======
				3C72E68124A259BF00B3245A /* plantController.swift in Sources */,
>>>>>>> fe71518ba60d316cf828be9a7f9f10e64ebacd14
				E3DAF6BC249B075700B5FE43 /* PlantDetailViewController.swift in Sources */,
				133CB979249C5D1400733F7C /* PlantController.swift in Sources */,
			);
			runOnlyForDeploymentPostprocessing = 0;
		};
/* End PBXSourcesBuildPhase section */

/* Begin PBXVariantGroup section */
		13CA9D622499C30600D3931E /* Main.storyboard */ = {
			isa = PBXVariantGroup;
			children = (
				13CA9D632499C30600D3931E /* Base */,
			);
			name = Main.storyboard;
			sourceTree = "<group>";
		};
		13CA9D672499C30700D3931E /* LaunchScreen.storyboard */ = {
			isa = PBXVariantGroup;
			children = (
				13CA9D682499C30700D3931E /* Base */,
			);
			name = LaunchScreen.storyboard;
			sourceTree = "<group>";
		};
/* End PBXVariantGroup section */

/* Begin XCBuildConfiguration section */
		13CA9D6B2499C30700D3931E /* Debug */ = {
			isa = XCBuildConfiguration;
			buildSettings = {
				ALWAYS_SEARCH_USER_PATHS = NO;
				CLANG_ANALYZER_NONNULL = YES;
				CLANG_ANALYZER_NUMBER_OBJECT_CONVERSION = YES_AGGRESSIVE;
				CLANG_CXX_LANGUAGE_STANDARD = "gnu++14";
				CLANG_CXX_LIBRARY = "libc++";
				CLANG_ENABLE_MODULES = YES;
				CLANG_ENABLE_OBJC_ARC = YES;
				CLANG_ENABLE_OBJC_WEAK = YES;
				CLANG_WARN_BLOCK_CAPTURE_AUTORELEASING = YES;
				CLANG_WARN_BOOL_CONVERSION = YES;
				CLANG_WARN_COMMA = YES;
				CLANG_WARN_CONSTANT_CONVERSION = YES;
				CLANG_WARN_DEPRECATED_OBJC_IMPLEMENTATIONS = YES;
				CLANG_WARN_DIRECT_OBJC_ISA_USAGE = YES_ERROR;
				CLANG_WARN_DOCUMENTATION_COMMENTS = YES;
				CLANG_WARN_EMPTY_BODY = YES;
				CLANG_WARN_ENUM_CONVERSION = YES;
				CLANG_WARN_INFINITE_RECURSION = YES;
				CLANG_WARN_INT_CONVERSION = YES;
				CLANG_WARN_NON_LITERAL_NULL_CONVERSION = YES;
				CLANG_WARN_OBJC_IMPLICIT_RETAIN_SELF = YES;
				CLANG_WARN_OBJC_LITERAL_CONVERSION = YES;
				CLANG_WARN_OBJC_ROOT_CLASS = YES_ERROR;
				CLANG_WARN_RANGE_LOOP_ANALYSIS = YES;
				CLANG_WARN_STRICT_PROTOTYPES = YES;
				CLANG_WARN_SUSPICIOUS_MOVE = YES;
				CLANG_WARN_UNGUARDED_AVAILABILITY = YES_AGGRESSIVE;
				CLANG_WARN_UNREACHABLE_CODE = YES;
				CLANG_WARN__DUPLICATE_METHOD_MATCH = YES;
				COPY_PHASE_STRIP = NO;
				DEBUG_INFORMATION_FORMAT = dwarf;
				ENABLE_STRICT_OBJC_MSGSEND = YES;
				ENABLE_TESTABILITY = YES;
				GCC_C_LANGUAGE_STANDARD = gnu11;
				GCC_DYNAMIC_NO_PIC = NO;
				GCC_NO_COMMON_BLOCKS = YES;
				GCC_OPTIMIZATION_LEVEL = 0;
				GCC_PREPROCESSOR_DEFINITIONS = (
					"DEBUG=1",
					"$(inherited)",
				);
				GCC_WARN_64_TO_32_BIT_CONVERSION = YES;
				GCC_WARN_ABOUT_RETURN_TYPE = YES_ERROR;
				GCC_WARN_UNDECLARED_SELECTOR = YES;
				GCC_WARN_UNINITIALIZED_AUTOS = YES_AGGRESSIVE;
				GCC_WARN_UNUSED_FUNCTION = YES;
				GCC_WARN_UNUSED_VARIABLE = YES;
				IPHONEOS_DEPLOYMENT_TARGET = 13.2;
				MTL_ENABLE_DEBUG_INFO = INCLUDE_SOURCE;
				MTL_FAST_MATH = YES;
				ONLY_ACTIVE_ARCH = YES;
				SDKROOT = iphoneos;
				SWIFT_ACTIVE_COMPILATION_CONDITIONS = DEBUG;
				SWIFT_OPTIMIZATION_LEVEL = "-Onone";
			};
			name = Debug;
		};
		13CA9D6C2499C30700D3931E /* Release */ = {
			isa = XCBuildConfiguration;
			buildSettings = {
				ALWAYS_SEARCH_USER_PATHS = NO;
				CLANG_ANALYZER_NONNULL = YES;
				CLANG_ANALYZER_NUMBER_OBJECT_CONVERSION = YES_AGGRESSIVE;
				CLANG_CXX_LANGUAGE_STANDARD = "gnu++14";
				CLANG_CXX_LIBRARY = "libc++";
				CLANG_ENABLE_MODULES = YES;
				CLANG_ENABLE_OBJC_ARC = YES;
				CLANG_ENABLE_OBJC_WEAK = YES;
				CLANG_WARN_BLOCK_CAPTURE_AUTORELEASING = YES;
				CLANG_WARN_BOOL_CONVERSION = YES;
				CLANG_WARN_COMMA = YES;
				CLANG_WARN_CONSTANT_CONVERSION = YES;
				CLANG_WARN_DEPRECATED_OBJC_IMPLEMENTATIONS = YES;
				CLANG_WARN_DIRECT_OBJC_ISA_USAGE = YES_ERROR;
				CLANG_WARN_DOCUMENTATION_COMMENTS = YES;
				CLANG_WARN_EMPTY_BODY = YES;
				CLANG_WARN_ENUM_CONVERSION = YES;
				CLANG_WARN_INFINITE_RECURSION = YES;
				CLANG_WARN_INT_CONVERSION = YES;
				CLANG_WARN_NON_LITERAL_NULL_CONVERSION = YES;
				CLANG_WARN_OBJC_IMPLICIT_RETAIN_SELF = YES;
				CLANG_WARN_OBJC_LITERAL_CONVERSION = YES;
				CLANG_WARN_OBJC_ROOT_CLASS = YES_ERROR;
				CLANG_WARN_RANGE_LOOP_ANALYSIS = YES;
				CLANG_WARN_STRICT_PROTOTYPES = YES;
				CLANG_WARN_SUSPICIOUS_MOVE = YES;
				CLANG_WARN_UNGUARDED_AVAILABILITY = YES_AGGRESSIVE;
				CLANG_WARN_UNREACHABLE_CODE = YES;
				CLANG_WARN__DUPLICATE_METHOD_MATCH = YES;
				COPY_PHASE_STRIP = NO;
				DEBUG_INFORMATION_FORMAT = "dwarf-with-dsym";
				ENABLE_NS_ASSERTIONS = NO;
				ENABLE_STRICT_OBJC_MSGSEND = YES;
				GCC_C_LANGUAGE_STANDARD = gnu11;
				GCC_NO_COMMON_BLOCKS = YES;
				GCC_WARN_64_TO_32_BIT_CONVERSION = YES;
				GCC_WARN_ABOUT_RETURN_TYPE = YES_ERROR;
				GCC_WARN_UNDECLARED_SELECTOR = YES;
				GCC_WARN_UNINITIALIZED_AUTOS = YES_AGGRESSIVE;
				GCC_WARN_UNUSED_FUNCTION = YES;
				GCC_WARN_UNUSED_VARIABLE = YES;
				IPHONEOS_DEPLOYMENT_TARGET = 13.2;
				MTL_ENABLE_DEBUG_INFO = NO;
				MTL_FAST_MATH = YES;
				SDKROOT = iphoneos;
				SWIFT_COMPILATION_MODE = wholemodule;
				SWIFT_OPTIMIZATION_LEVEL = "-O";
				VALIDATE_PRODUCT = YES;
			};
			name = Release;
		};
		13CA9D6E2499C30700D3931E /* Debug */ = {
			isa = XCBuildConfiguration;
			baseConfigurationReference = FFCBCFB0784EECB5393650B2 /* Pods-WaterMyPlants.debug.xcconfig */;
			buildSettings = {
				ASSETCATALOG_COMPILER_APPICON_NAME = AppIcon;
				CODE_SIGN_STYLE = Automatic;
				DEVELOPMENT_TEAM = "";
				INFOPLIST_FILE = WaterMyPlants/Info.plist;
				LD_RUNPATH_SEARCH_PATHS = (
					"$(inherited)",
					"@executable_path/Frameworks",
				);
				PRODUCT_BUNDLE_IDENTIFIER = com.conner.WaterMyPlants;
				PRODUCT_NAME = "$(TARGET_NAME)";
				SWIFT_VERSION = 5.0;
				TARGETED_DEVICE_FAMILY = "1,2";
			};
			name = Debug;
		};
		13CA9D6F2499C30700D3931E /* Release */ = {
			isa = XCBuildConfiguration;
			baseConfigurationReference = 615FE302176A5150945398CD /* Pods-WaterMyPlants.release.xcconfig */;
			buildSettings = {
				ASSETCATALOG_COMPILER_APPICON_NAME = AppIcon;
				CODE_SIGN_STYLE = Automatic;
				DEVELOPMENT_TEAM = "";
				INFOPLIST_FILE = WaterMyPlants/Info.plist;
				LD_RUNPATH_SEARCH_PATHS = (
					"$(inherited)",
					"@executable_path/Frameworks",
				);
				PRODUCT_BUNDLE_IDENTIFIER = com.conner.WaterMyPlants;
				PRODUCT_NAME = "$(TARGET_NAME)";
				SWIFT_VERSION = 5.0;
				TARGETED_DEVICE_FAMILY = "1,2";
			};
			name = Release;
		};
/* End XCBuildConfiguration section */

/* Begin XCConfigurationList section */
		13CA9D542499C30600D3931E /* Build configuration list for PBXProject "WaterMyPlants" */ = {
			isa = XCConfigurationList;
			buildConfigurations = (
				13CA9D6B2499C30700D3931E /* Debug */,
				13CA9D6C2499C30700D3931E /* Release */,
			);
			defaultConfigurationIsVisible = 0;
			defaultConfigurationName = Release;
		};
		13CA9D6D2499C30700D3931E /* Build configuration list for PBXNativeTarget "WaterMyPlants" */ = {
			isa = XCConfigurationList;
			buildConfigurations = (
				13CA9D6E2499C30700D3931E /* Debug */,
				13CA9D6F2499C30700D3931E /* Release */,
			);
			defaultConfigurationIsVisible = 0;
			defaultConfigurationName = Release;
		};
/* End XCConfigurationList section */

/* Begin XCVersionGroup section */
		132667B8249A9E73007FC064 /* WaterMyPlants.xcdatamodeld */ = {
			isa = XCVersionGroup;
			children = (
				132667B9249A9E73007FC064 /* Plant.xcdatamodel */,
			);
			currentVersion = 132667B9249A9E73007FC064 /* Plant.xcdatamodel */;
			path = WaterMyPlants.xcdatamodeld;
			sourceTree = "<group>";
			versionGroupType = wrapper.xcdatamodel;
		};
/* End XCVersionGroup section */
	};
	rootObject = 13CA9D512499C30600D3931E /* Project object */;
}
